
Microsoft Visual Studio Solution File, Format Version 12.00
# Visual Studio Version 17
VisualStudioVersion = 17.5.33209.295
MinimumVisualStudioVersion = 10.0.40219.1
Project("{9A19103F-16F7-4668-BE54-9A1E7A4F7556}") = "OptionTypes", "OptionTypes\OptionTypes.csproj", "{0F8708B6-C99C-40F4-8260-1A17749784C4}"
EndProject
Project("{9A19103F-16F7-4668-BE54-9A1E7A4F7556}") = "OptionTypes.Ef", "OptionTypes.Ef\OptionTypes.Ef.csproj", "{076BB13E-C9A7-42EC-9672-EDE66E47031B}"
EndProject
Project("{9A19103F-16F7-4668-BE54-9A1E7A4F7556}") = "TestProject", "TestProject\TestProject.csproj", "{B1781203-CB80-45E6-8B16-CC0DF998ECB4}"
EndProject
Project("{FAE04EC0-301F-11D3-BF4B-00C04F79EFBC}") = "OptionTypes.Test", "OptionTypes.Test\OptionTypes.Test.csproj", "{06F30F25-CADB-4374-AAB4-1FCA1DD05324}"
EndProject
Global
	GlobalSection(SolutionConfigurationPlatforms) = preSolution
		Debug|Any CPU = Debug|Any CPU
		Release|Any CPU = Release|Any CPU
	EndGlobalSection
	GlobalSection(ProjectConfigurationPlatforms) = postSolution
		{0F8708B6-C99C-40F4-8260-1A17749784C4}.Debug|Any CPU.ActiveCfg = Debug|Any CPU
		{0F8708B6-C99C-40F4-8260-1A17749784C4}.Debug|Any CPU.Build.0 = Debug|Any CPU
		{0F8708B6-C99C-40F4-8260-1A17749784C4}.Release|Any CPU.ActiveCfg = Release|Any CPU
		{0F8708B6-C99C-40F4-8260-1A17749784C4}.Release|Any CPU.Build.0 = Release|Any CPU
		{076BB13E-C9A7-42EC-9672-EDE66E47031B}.Debug|Any CPU.ActiveCfg = Debug|Any CPU
		{076BB13E-C9A7-42EC-9672-EDE66E47031B}.Debug|Any CPU.Build.0 = Debug|Any CPU
		{076BB13E-C9A7-42EC-9672-EDE66E47031B}.Release|Any CPU.ActiveCfg = Release|Any CPU
		{076BB13E-C9A7-42EC-9672-EDE66E47031B}.Release|Any CPU.Build.0 = Release|Any CPU
		{B1781203-CB80-45E6-8B16-CC0DF998ECB4}.Debug|Any CPU.ActiveCfg = Debug|Any CPU
		{B1781203-CB80-45E6-8B16-CC0DF998ECB4}.Debug|Any CPU.Build.0 = Debug|Any CPU
		{B1781203-CB80-45E6-8B16-CC0DF998ECB4}.Release|Any CPU.ActiveCfg = Release|Any CPU
		{B1781203-CB80-45E6-8B16-CC0DF998ECB4}.Release|Any CPU.Build.0 = Release|Any CPU
		{06F30F25-CADB-4374-AAB4-1FCA1DD05324}.Debug|Any CPU.ActiveCfg = Debug|Any CPU
		{06F30F25-CADB-4374-AAB4-1FCA1DD05324}.Debug|Any CPU.Build.0 = Debug|Any CPU
		{06F30F25-CADB-4374-AAB4-1FCA1DD05324}.Release|Any CPU.ActiveCfg = Release|Any CPU
		{06F30F25-CADB-4374-AAB4-1FCA1DD05324}.Release|Any CPU.Build.0 = Release|Any CPU
	EndGlobalSection
	GlobalSection(SolutionProperties) = preSolution
		HideSolutionNode = FALSE
	EndGlobalSection
	GlobalSection(ExtensibilityGlobals) = postSolution
		SolutionGuid = {63C4A791-6E2B-4293-91AA-79AD40F77B11}
	EndGlobalSection
EndGlobal
